
Microsoft Visual Studio Solution File, Format Version 12.00
# Visual Studio 2013
VisualStudioVersion = 12.0.30723.0
MinimumVisualStudioVersion = 10.0.40219.1
Project("{FAE04EC0-301F-11D3-BF4B-00C04F79EFBC}") = "ReizenReview", "ReizenReview\ReizenReview\ReizenReview.csproj", "{1CFA0F16-4436-48DE-A714-932AE234EA5E}"
EndProject
Project("{FAE04EC0-301F-11D3-BF4B-00C04F79EFBC}") = "ReizenReview.iOS", "ReizenReview\ReizenReview.iOS\ReizenReview.iOS.csproj", "{64CBE440-155F-4523-989F-B9E80D98D00A}"
EndProject
Project("{FAE04EC0-301F-11D3-BF4B-00C04F79EFBC}") = "ReizenReview.Android", "ReizenReview\ReizenReview.Android\ReizenReview.Android.csproj", "{CD1EDB7E-E143-4D56-9E43-B2005251C5E9}"
EndProject
Project("{FAE04EC0-301F-11D3-BF4B-00C04F79EFBC}") = "ReizenReview.WinPhone", "ReizenReview\ReizenReview.WinPhone\ReizenReview.WinPhone.csproj", "{DEDDEEA1-7BF0-4C8D-93BC-0DBA7AAC39D9}"
EndProject
Global
	GlobalSection(SolutionConfigurationPlatforms) = preSolution
		Ad-Hoc|Any CPU = Ad-Hoc|Any CPU
		Ad-Hoc|ARM = Ad-Hoc|ARM
		Ad-Hoc|iPhone = Ad-Hoc|iPhone
		Ad-Hoc|iPhoneSimulator = Ad-Hoc|iPhoneSimulator
		Ad-Hoc|Mixed Platforms = Ad-Hoc|Mixed Platforms
		Ad-Hoc|x86 = Ad-Hoc|x86
		AppStore|Any CPU = AppStore|Any CPU
		AppStore|ARM = AppStore|ARM
		AppStore|iPhone = AppStore|iPhone
		AppStore|iPhoneSimulator = AppStore|iPhoneSimulator
		AppStore|Mixed Platforms = AppStore|Mixed Platforms
		AppStore|x86 = AppStore|x86
		Debug|Any CPU = Debug|Any CPU
		Debug|ARM = Debug|ARM
		Debug|iPhone = Debug|iPhone
		Debug|iPhoneSimulator = Debug|iPhoneSimulator
		Debug|Mixed Platforms = Debug|Mixed Platforms
		Debug|x86 = Debug|x86
		Release|Any CPU = Release|Any CPU
		Release|ARM = Release|ARM
		Release|iPhone = Release|iPhone
		Release|iPhoneSimulator = Release|iPhoneSimulator
		Release|Mixed Platforms = Release|Mixed Platforms
		Release|x86 = Release|x86
	EndGlobalSection
	GlobalSection(ProjectConfigurationPlatforms) = postSolution
		{1CFA0F16-4436-48DE-A714-932AE234EA5E}.Ad-Hoc|Any CPU.ActiveCfg = Release|Any CPU
		{1CFA0F16-4436-48DE-A714-932AE234EA5E}.Ad-Hoc|Any CPU.Build.0 = Release|Any CPU
		{1CFA0F16-4436-48DE-A714-932AE234EA5E}.Ad-Hoc|ARM.ActiveCfg = Release|Any CPU
		{1CFA0F16-4436-48DE-A714-932AE234EA5E}.Ad-Hoc|iPhone.ActiveCfg = Release|Any CPU
		{1CFA0F16-4436-48DE-A714-932AE234EA5E}.Ad-Hoc|iPhoneSimulator.ActiveCfg = Release|Any CPU
		{1CFA0F16-4436-48DE-A714-932AE234EA5E}.Ad-Hoc|Mixed Platforms.ActiveCfg = Release|Any CPU
		{1CFA0F16-4436-48DE-A714-932AE234EA5E}.Ad-Hoc|Mixed Platforms.Build.0 = Release|Any CPU
		{1CFA0F16-4436-48DE-A714-932AE234EA5E}.Ad-Hoc|x86.ActiveCfg = Release|Any CPU
		{1CFA0F16-4436-48DE-A714-932AE234EA5E}.AppStore|Any CPU.ActiveCfg = Release|Any CPU
		{1CFA0F16-4436-48DE-A714-932AE234EA5E}.AppStore|Any CPU.Build.0 = Release|Any CPU
		{1CFA0F16-4436-48DE-A714-932AE234EA5E}.AppStore|ARM.ActiveCfg = Release|Any CPU
		{1CFA0F16-4436-48DE-A714-932AE234EA5E}.AppStore|iPhone.ActiveCfg = Release|Any CPU
		{1CFA0F16-4436-48DE-A714-932AE234EA5E}.AppStore|iPhoneSimulator.ActiveCfg = Release|Any CPU
		{1CFA0F16-4436-48DE-A714-932AE234EA5E}.AppStore|Mixed Platforms.ActiveCfg = Release|Any CPU
		{1CFA0F16-4436-48DE-A714-932AE234EA5E}.AppStore|Mixed Platforms.Build.0 = Release|Any CPU
		{1CFA0F16-4436-48DE-A714-932AE234EA5E}.AppStore|x86.ActiveCfg = Release|Any CPU
		{1CFA0F16-4436-48DE-A714-932AE234EA5E}.Debug|Any CPU.ActiveCfg = Debug|Any CPU
		{1CFA0F16-4436-48DE-A714-932AE234EA5E}.Debug|Any CPU.Build.0 = Debug|Any CPU
		{1CFA0F16-4436-48DE-A714-932AE234EA5E}.Debug|ARM.ActiveCfg = Debug|Any CPU
		{1CFA0F16-4436-48DE-A714-932AE234EA5E}.Debug|iPhone.ActiveCfg = Debug|Any CPU
		{1CFA0F16-4436-48DE-A714-932AE234EA5E}.Debug|iPhone.Build.0 = Debug|Any CPU
		{1CFA0F16-4436-48DE-A714-932AE234EA5E}.Debug|iPhoneSimulator.ActiveCfg = Debug|Any CPU
		{1CFA0F16-4436-48DE-A714-932AE234EA5E}.Debug|Mixed Platforms.ActiveCfg = Debug|Any CPU
		{1CFA0F16-4436-48DE-A714-932AE234EA5E}.Debug|Mixed Platforms.Build.0 = Debug|Any CPU
		{1CFA0F16-4436-48DE-A714-932AE234EA5E}.Debug|x86.ActiveCfg = Debug|Any CPU
		{1CFA0F16-4436-48DE-A714-932AE234EA5E}.Release|Any CPU.ActiveCfg = Release|Any CPU
		{1CFA0F16-4436-48DE-A714-932AE234EA5E}.Release|Any CPU.Build.0 = Release|Any CPU
		{1CFA0F16-4436-48DE-A714-932AE234EA5E}.Release|ARM.ActiveCfg = Release|Any CPU
		{1CFA0F16-4436-48DE-A714-932AE234EA5E}.Release|iPhone.ActiveCfg = Release|Any CPU
		{1CFA0F16-4436-48DE-A714-932AE234EA5E}.Release|iPhoneSimulator.ActiveCfg = Release|Any CPU
		{1CFA0F16-4436-48DE-A714-932AE234EA5E}.Release|Mixed Platforms.ActiveCfg = Release|Any CPU
		{1CFA0F16-4436-48DE-A714-932AE234EA5E}.Release|Mixed Platforms.Build.0 = Release|Any CPU
		{1CFA0F16-4436-48DE-A714-932AE234EA5E}.Release|x86.ActiveCfg = Release|Any CPU
		{64CBE440-155F-4523-989F-B9E80D98D00A}.Ad-Hoc|Any CPU.ActiveCfg = Ad-Hoc|iPhone
		{64CBE440-155F-4523-989F-B9E80D98D00A}.Ad-Hoc|ARM.ActiveCfg = Ad-Hoc|iPhone
		{64CBE440-155F-4523-989F-B9E80D98D00A}.Ad-Hoc|iPhone.ActiveCfg = Ad-Hoc|iPhone
		{64CBE440-155F-4523-989F-B9E80D98D00A}.Ad-Hoc|iPhone.Build.0 = Ad-Hoc|iPhone
		{64CBE440-155F-4523-989F-B9E80D98D00A}.Ad-Hoc|iPhoneSimulator.ActiveCfg = Ad-Hoc|iPhoneSimulator
		{64CBE440-155F-4523-989F-B9E80D98D00A}.Ad-Hoc|iPhoneSimulator.Build.0 = Ad-Hoc|iPhoneSimulator
		{64CBE440-155F-4523-989F-B9E80D98D00A}.Ad-Hoc|Mixed Platforms.ActiveCfg = Ad-Hoc|iPhone
		{64CBE440-155F-4523-989F-B9E80D98D00A}.Ad-Hoc|Mixed Platforms.Build.0 = Ad-Hoc|iPhone
		{64CBE440-155F-4523-989F-B9E80D98D00A}.Ad-Hoc|x86.ActiveCfg = Ad-Hoc|iPhone
		{64CBE440-155F-4523-989F-B9E80D98D00A}.AppStore|Any CPU.ActiveCfg = AppStore|iPhone
		{64CBE440-155F-4523-989F-B9E80D98D00A}.AppStore|ARM.ActiveCfg = AppStore|iPhone
		{64CBE440-155F-4523-989F-B9E80D98D00A}.AppStore|iPhone.ActiveCfg = AppStore|iPhone
		{64CBE440-155F-4523-989F-B9E80D98D00A}.AppStore|iPhone.Build.0 = AppStore|iPhone
		{64CBE440-155F-4523-989F-B9E80D98D00A}.AppStore|iPhoneSimulator.ActiveCfg = AppStore|iPhoneSimulator
		{64CBE440-155F-4523-989F-B9E80D98D00A}.AppStore|iPhoneSimulator.Build.0 = AppStore|iPhoneSimulator
		{64CBE440-155F-4523-989F-B9E80D98D00A}.AppStore|Mixed Platforms.ActiveCfg = AppStore|iPhone
		{64CBE440-155F-4523-989F-B9E80D98D00A}.AppStore|Mixed Platforms.Build.0 = AppStore|iPhone
		{64CBE440-155F-4523-989F-B9E80D98D00A}.AppStore|x86.ActiveCfg = AppStore|iPhone
		{64CBE440-155F-4523-989F-B9E80D98D00A}.Debug|Any CPU.ActiveCfg = Debug|iPhone
		{64CBE440-155F-4523-989F-B9E80D98D00A}.Debug|ARM.ActiveCfg = Debug|iPhone
		{64CBE440-155F-4523-989F-B9E80D98D00A}.Debug|iPhone.ActiveCfg = Debug|iPhone
		{64CBE440-155F-4523-989F-B9E80D98D00A}.Debug|iPhone.Build.0 = Debug|iPhone
		{64CBE440-155F-4523-989F-B9E80D98D00A}.Debug|iPhoneSimulator.ActiveCfg = Debug|iPhoneSimulator
		{64CBE440-155F-4523-989F-B9E80D98D00A}.Debug|iPhoneSimulator.Build.0 = Debug|iPhoneSimulator
		{64CBE440-155F-4523-989F-B9E80D98D00A}.Debug|Mixed Platforms.ActiveCfg = Debug|iPhone
		{64CBE440-155F-4523-989F-B9E80D98D00A}.Debug|Mixed Platforms.Build.0 = Debug|iPhone
		{64CBE440-155F-4523-989F-B9E80D98D00A}.Debug|x86.ActiveCfg = Debug|iPhone
		{64CBE440-155F-4523-989F-B9E80D98D00A}.Release|Any CPU.ActiveCfg = Release|iPhone
		{64CBE440-155F-4523-989F-B9E80D98D00A}.Release|ARM.ActiveCfg = Release|iPhone
		{64CBE440-155F-4523-989F-B9E80D98D00A}.Release|iPhone.ActiveCfg = Release|iPhone
		{64CBE440-155F-4523-989F-B9E80D98D00A}.Release|iPhone.Build.0 = Release|iPhone
		{64CBE440-155F-4523-989F-B9E80D98D00A}.Release|iPhoneSimulator.ActiveCfg = Release|iPhoneSimulator
		{64CBE440-155F-4523-989F-B9E80D98D00A}.Release|iPhoneSimulator.Build.0 = Release|iPhoneSimulator
		{64CBE440-155F-4523-989F-B9E80D98D00A}.Release|Mixed Platforms.ActiveCfg = Release|iPhone
		{64CBE440-155F-4523-989F-B9E80D98D00A}.Release|Mixed Platforms.Build.0 = Release|iPhone
		{64CBE440-155F-4523-989F-B9E80D98D00A}.Release|x86.ActiveCfg = Release|iPhone
		{CD1EDB7E-E143-4D56-9E43-B2005251C5E9}.Ad-Hoc|Any CPU.ActiveCfg = Release|Any CPU
		{CD1EDB7E-E143-4D56-9E43-B2005251C5E9}.Ad-Hoc|Any CPU.Build.0 = Release|Any CPU
		{CD1EDB7E-E143-4D56-9E43-B2005251C5E9}.Ad-Hoc|Any CPU.Deploy.0 = Release|Any CPU
		{CD1EDB7E-E143-4D56-9E43-B2005251C5E9}.Ad-Hoc|ARM.ActiveCfg = Release|Any CPU
		{CD1EDB7E-E143-4D56-9E43-B2005251C5E9}.Ad-Hoc|iPhone.ActiveCfg = Release|Any CPU
		{CD1EDB7E-E143-4D56-9E43-B2005251C5E9}.Ad-Hoc|iPhoneSimulator.ActiveCfg = Release|Any CPU
		{CD1EDB7E-E143-4D56-9E43-B2005251C5E9}.Ad-Hoc|Mixed Platforms.ActiveCfg = Release|Any CPU
		{CD1EDB7E-E143-4D56-9E43-B2005251C5E9}.Ad-Hoc|Mixed Platforms.Build.0 = Release|Any CPU
		{CD1EDB7E-E143-4D56-9E43-B2005251C5E9}.Ad-Hoc|Mixed Platforms.Deploy.0 = Release|Any CPU
		{CD1EDB7E-E143-4D56-9E43-B2005251C5E9}.Ad-Hoc|x86.ActiveCfg = Release|Any CPU
		{CD1EDB7E-E143-4D56-9E43-B2005251C5E9}.AppStore|Any CPU.ActiveCfg = Release|Any CPU
		{CD1EDB7E-E143-4D56-9E43-B2005251C5E9}.AppStore|Any CPU.Build.0 = Release|Any CPU
		{CD1EDB7E-E143-4D56-9E43-B2005251C5E9}.AppStore|Any CPU.Deploy.0 = Release|Any CPU
		{CD1EDB7E-E143-4D56-9E43-B2005251C5E9}.AppStore|ARM.ActiveCfg = Release|Any CPU
		{CD1EDB7E-E143-4D56-9E43-B2005251C5E9}.AppStore|iPhone.ActiveCfg = Release|Any CPU
		{CD1EDB7E-E143-4D56-9E43-B2005251C5E9}.AppStore|iPhoneSimulator.ActiveCfg = Release|Any CPU
		{CD1EDB7E-E143-4D56-9E43-B2005251C5E9}.AppStore|Mixed Platforms.ActiveCfg = Release|Any CPU
		{CD1EDB7E-E143-4D56-9E43-B2005251C5E9}.AppStore|Mixed Platforms.Build.0 = Release|Any CPU
		{CD1EDB7E-E143-4D56-9E43-B2005251C5E9}.AppStore|Mixed Platforms.Deploy.0 = Release|Any CPU
		{CD1EDB7E-E143-4D56-9E43-B2005251C5E9}.AppStore|x86.ActiveCfg = Release|Any CPU
		{CD1EDB7E-E143-4D56-9E43-B2005251C5E9}.Debug|Any CPU.ActiveCfg = Debug|Any CPU
		{CD1EDB7E-E143-4D56-9E43-B2005251C5E9}.Debug|Any CPU.Build.0 = Debug|Any CPU
		{CD1EDB7E-E143-4D56-9E43-B2005251C5E9}.Debug|Any CPU.Deploy.0 = Debug|Any CPU
		{CD1EDB7E-E143-4D56-9E43-B2005251C5E9}.Debug|ARM.ActiveCfg = Debug|Any CPU
		{CD1EDB7E-E143-4D56-9E43-B2005251C5E9}.Debug|iPhone.ActiveCfg = Debug|Any CPU
		{CD1EDB7E-E143-4D56-9E43-B2005251C5E9}.Debug|iPhoneSimulator.ActiveCfg = Debug|Any CPU
		{CD1EDB7E-E143-4D56-9E43-B2005251C5E9}.Debug|Mixed Platforms.ActiveCfg = Debug|Any CPU
		{CD1EDB7E-E143-4D56-9E43-B2005251C5E9}.Debug|Mixed Platforms.Build.0 = Debug|Any CPU
		{CD1EDB7E-E143-4D56-9E43-B2005251C5E9}.Debug|Mixed Platforms.Deploy.0 = Debug|Any CPU
		{CD1EDB7E-E143-4D56-9E43-B2005251C5E9}.Debug|x86.ActiveCfg = Debug|Any CPU
		{CD1EDB7E-E143-4D56-9E43-B2005251C5E9}.Release|Any CPU.ActiveCfg = Release|Any CPU
		{CD1EDB7E-E143-4D56-9E43-B2005251C5E9}.Release|Any CPU.Build.0 = Release|Any CPU
		{CD1EDB7E-E143-4D56-9E43-B2005251C5E9}.Release|Any CPU.Deploy.0 = Release|Any CPU
		{CD1EDB7E-E143-4D56-9E43-B2005251C5E9}.Release|ARM.ActiveCfg = Release|Any CPU
		{CD1EDB7E-E143-4D56-9E43-B2005251C5E9}.Release|iPhone.ActiveCfg = Release|Any CPU
		{CD1EDB7E-E143-4D56-9E43-B2005251C5E9}.Release|iPhoneSimulator.ActiveCfg = Release|Any CPU
		{CD1EDB7E-E143-4D56-9E43-B2005251C5E9}.Release|Mixed Platforms.ActiveCfg = Release|Any CPU
		{CD1EDB7E-E143-4D56-9E43-B2005251C5E9}.Release|Mixed Platforms.Build.0 = Release|Any CPU
		{CD1EDB7E-E143-4D56-9E43-B2005251C5E9}.Release|Mixed Platforms.Deploy.0 = Release|Any CPU
		{CD1EDB7E-E143-4D56-9E43-B2005251C5E9}.Release|x86.ActiveCfg = Release|Any CPU
		{DEDDEEA1-7BF0-4C8D-93BC-0DBA7AAC39D9}.Ad-Hoc|Any CPU.ActiveCfg = Release|Any CPU
		{DEDDEEA1-7BF0-4C8D-93BC-0DBA7AAC39D9}.Ad-Hoc|Any CPU.Build.0 = Release|Any CPU
		{DEDDEEA1-7BF0-4C8D-93BC-0DBA7AAC39D9}.Ad-Hoc|Any CPU.Deploy.0 = Release|Any CPU
		{DEDDEEA1-7BF0-4C8D-93BC-0DBA7AAC39D9}.Ad-Hoc|ARM.ActiveCfg = Release|ARM
		{DEDDEEA1-7BF0-4C8D-93BC-0DBA7AAC39D9}.Ad-Hoc|ARM.Build.0 = Release|ARM
		{DEDDEEA1-7BF0-4C8D-93BC-0DBA7AAC39D9}.Ad-Hoc|ARM.Deploy.0 = Release|ARM
		{DEDDEEA1-7BF0-4C8D-93BC-0DBA7AAC39D9}.Ad-Hoc|iPhone.ActiveCfg = Release|Any CPU
		{DEDDEEA1-7BF0-4C8D-93BC-0DBA7AAC39D9}.Ad-Hoc|iPhoneSimulator.ActiveCfg = Release|Any CPU
		{DEDDEEA1-7BF0-4C8D-93BC-0DBA7AAC39D9}.Ad-Hoc|Mixed Platforms.ActiveCfg = Release|x86
		{DEDDEEA1-7BF0-4C8D-93BC-0DBA7AAC39D9}.Ad-Hoc|Mixed Platforms.Build.0 = Release|x86
		{DEDDEEA1-7BF0-4C8D-93BC-0DBA7AAC39D9}.Ad-Hoc|Mixed Platforms.Deploy.0 = Release|x86
		{DEDDEEA1-7BF0-4C8D-93BC-0DBA7AAC39D9}.Ad-Hoc|x86.ActiveCfg = Release|x86
		{DEDDEEA1-7BF0-4C8D-93BC-0DBA7AAC39D9}.Ad-Hoc|x86.Build.0 = Release|x86
		{DEDDEEA1-7BF0-4C8D-93BC-0DBA7AAC39D9}.Ad-Hoc|x86.Deploy.0 = Release|x86
		{DEDDEEA1-7BF0-4C8D-93BC-0DBA7AAC39D9}.AppStore|Any CPU.ActiveCfg = Release|Any CPU
		{DEDDEEA1-7BF0-4C8D-93BC-0DBA7AAC39D9}.AppStore|Any CPU.Build.0 = Release|Any CPU
		{DEDDEEA1-7BF0-4C8D-93BC-0DBA7AAC39D9}.AppStore|Any CPU.Deploy.0 = Release|Any CPU
		{DEDDEEA1-7BF0-4C8D-93BC-0DBA7AAC39D9}.AppStore|ARM.ActiveCfg = Release|ARM
		{DEDDEEA1-7BF0-4C8D-93BC-0DBA7AAC39D9}.AppStore|ARM.Build.0 = Release|ARM
		{DEDDEEA1-7BF0-4C8D-93BC-0DBA7AAC39D9}.AppStore|ARM.Deploy.0 = Release|ARM
		{DEDDEEA1-7BF0-4C8D-93BC-0DBA7AAC39D9}.AppStore|iPhone.ActiveCfg = Release|Any CPU
		{DEDDEEA1-7BF0-4C8D-93BC-0DBA7AAC39D9}.AppStore|iPhoneSimulator.ActiveCfg = Release|Any CPU
		{DEDDEEA1-7BF0-4C8D-93BC-0DBA7AAC39D9}.AppStore|Mixed Platforms.ActiveCfg = Release|x86
		{DEDDEEA1-7BF0-4C8D-93BC-0DBA7AAC39D9}.AppStore|Mixed Platforms.Build.0 = Release|x86
		{DEDDEEA1-7BF0-4C8D-93BC-0DBA7AAC39D9}.AppStore|Mixed Platforms.Deploy.0 = Release|x86
		{DEDDEEA1-7BF0-4C8D-93BC-0DBA7AAC39D9}.AppStore|x86.ActiveCfg = Release|x86
		{DEDDEEA1-7BF0-4C8D-93BC-0DBA7AAC39D9}.AppStore|x86.Build.0 = Release|x86
		{DEDDEEA1-7BF0-4C8D-93BC-0DBA7AAC39D9}.AppStore|x86.Deploy.0 = Release|x86
		{DEDDEEA1-7BF0-4C8D-93BC-0DBA7AAC39D9}.Debug|Any CPU.ActiveCfg = Debug|Any CPU
		{DEDDEEA1-7BF0-4C8D-93BC-0DBA7AAC39D9}.Debug|Any CPU.Build.0 = Debug|Any CPU
		{DEDDEEA1-7BF0-4C8D-93BC-0DBA7AAC39D9}.Debug|Any CPU.Deploy.0 = Debug|Any CPU
		{DEDDEEA1-7BF0-4C8D-93BC-0DBA7AAC39D9}.Debug|ARM.ActiveCfg = Debug|ARM
		{DEDDEEA1-7BF0-4C8D-93BC-0DBA7AAC39D9}.Debug|ARM.Build.0 = Debug|ARM
		{DEDDEEA1-7BF0-4C8D-93BC-0DBA7AAC39D9}.Debug|ARM.Deploy.0 = Debug|ARM
		{DEDDEEA1-7BF0-4C8D-93BC-0DBA7AAC39D9}.Debug|iPhone.ActiveCfg = Debug|Any CPU
		{DEDDEEA1-7BF0-4C8D-93BC-0DBA7AAC39D9}.Debug|iPhoneSimulator.ActiveCfg = Debug|Any CPU
		{DEDDEEA1-7BF0-4C8D-93BC-0DBA7AAC39D9}.Debug|Mixed Platforms.ActiveCfg = Debug|ARM
		{DEDDEEA1-7BF0-4C8D-93BC-0DBA7AAC39D9}.Debug|Mixed Platforms.Build.0 = Debug|ARM
		{DEDDEEA1-7BF0-4C8D-93BC-0DBA7AAC39D9}.Debug|Mixed Platforms.Deploy.0 = Debug|ARM
		{DEDDEEA1-7BF0-4C8D-93BC-0DBA7AAC39D9}.Debug|x86.ActiveCfg = Debug|x86
		{DEDDEEA1-7BF0-4C8D-93BC-0DBA7AAC39D9}.Debug|x86.Build.0 = Debug|x86
		{DEDDEEA1-7BF0-4C8D-93BC-0DBA7AAC39D9}.Debug|x86.Deploy.0 = Debug|x86
		{DEDDEEA1-7BF0-4C8D-93BC-0DBA7AAC39D9}.Release|Any CPU.ActiveCfg = Release|Any CPU
		{DEDDEEA1-7BF0-4C8D-93BC-0DBA7AAC39D9}.Release|Any CPU.Build.0 = Release|Any CPU
		{DEDDEEA1-7BF0-4C8D-93BC-0DBA7AAC39D9}.Release|Any CPU.Deploy.0 = Release|Any CPU
		{DEDDEEA1-7BF0-4C8D-93BC-0DBA7AAC39D9}.Release|ARM.ActiveCfg = Release|ARM
		{DEDDEEA1-7BF0-4C8D-93BC-0DBA7AAC39D9}.Release|ARM.Build.0 = Release|ARM
		{DEDDEEA1-7BF0-4C8D-93BC-0DBA7AAC39D9}.Release|ARM.Deploy.0 = Release|ARM
		{DEDDEEA1-7BF0-4C8D-93BC-0DBA7AAC39D9}.Release|iPhone.ActiveCfg = Release|Any CPU
		{DEDDEEA1-7BF0-4C8D-93BC-0DBA7AAC39D9}.Release|iPhoneSimulator.ActiveCfg = Release|Any CPU
		{DEDDEEA1-7BF0-4C8D-93BC-0DBA7AAC39D9}.Release|Mixed Platforms.ActiveCfg = Release|x86
		{DEDDEEA1-7BF0-4C8D-93BC-0DBA7AAC39D9}.Release|Mixed Platforms.Build.0 = Release|x86
		{DEDDEEA1-7BF0-4C8D-93BC-0DBA7AAC39D9}.Release|Mixed Platforms.Deploy.0 = Release|x86
		{DEDDEEA1-7BF0-4C8D-93BC-0DBA7AAC39D9}.Release|x86.ActiveCfg = Release|x86
		{DEDDEEA1-7BF0-4C8D-93BC-0DBA7AAC39D9}.Release|x86.Build.0 = Release|x86
		{DEDDEEA1-7BF0-4C8D-93BC-0DBA7AAC39D9}.Release|x86.Deploy.0 = Release|x86
	EndGlobalSection
	GlobalSection(SolutionProperties) = preSolution
		HideSolutionNode = FALSE
	EndGlobalSection
EndGlobal
